// !$*UTF8*$!
{
	archiveVersion = 1;
	classes = {
	};
	objectVersion = 50;
	objects = {

/* Begin PBXBuildFile section */
		212AC4DF243B665E00253855 /* DetailViewController.swift in Sources */ = {isa = PBXBuildFile; fileRef = 212AC4DE243B665E00253855 /* DetailViewController.swift */; };
		21F1CF0D243A6CE00079F79D /* AppDelegate.swift in Sources */ = {isa = PBXBuildFile; fileRef = 21F1CF0C243A6CE00079F79D /* AppDelegate.swift */; };
		21F1CF0F243A6CE00079F79D /* SceneDelegate.swift in Sources */ = {isa = PBXBuildFile; fileRef = 21F1CF0E243A6CE00079F79D /* SceneDelegate.swift */; };
		21F1CF11243A6CE00079F79D /* ViewController.swift in Sources */ = {isa = PBXBuildFile; fileRef = 21F1CF10243A6CE00079F79D /* ViewController.swift */; };
		21F1CF14243A6CE00079F79D /* Main.storyboard in Resources */ = {isa = PBXBuildFile; fileRef = 21F1CF12243A6CE00079F79D /* Main.storyboard */; };
		21F1CF16243A6CE40079F79D /* Assets.xcassets in Resources */ = {isa = PBXBuildFile; fileRef = 21F1CF15243A6CE40079F79D /* Assets.xcassets */; };
		21F1CF19243A6CE40079F79D /* LaunchScreen.storyboard in Resources */ = {isa = PBXBuildFile; fileRef = 21F1CF17243A6CE40079F79D /* LaunchScreen.storyboard */; };
		21F1CF21243A70220079F79D /* Petition.swift in Sources */ = {isa = PBXBuildFile; fileRef = 21F1CF20243A70220079F79D /* Petition.swift */; };
		21F1CF23243A70A60079F79D /* Petitions.swift in Sources */ = {isa = PBXBuildFile; fileRef = 21F1CF22243A70A60079F79D /* Petitions.swift */; };
/* End PBXBuildFile section */

/* Begin PBXFileReference section */
		212AC4DE243B665E00253855 /* DetailViewController.swift */ = {isa = PBXFileReference; fileEncoding = 4; lastKnownFileType = sourcecode.swift; path = DetailViewController.swift; sourceTree = "<group>"; };
		21F1CF09243A6CE00079F79D /* Project7.app */ = {isa = PBXFileReference; explicitFileType = wrapper.application; includeInIndex = 0; path = Project7.app; sourceTree = BUILT_PRODUCTS_DIR; };
		21F1CF0C243A6CE00079F79D /* AppDelegate.swift */ = {isa = PBXFileReference; lastKnownFileType = sourcecode.swift; path = AppDelegate.swift; sourceTree = "<group>"; };
		21F1CF0E243A6CE00079F79D /* SceneDelegate.swift */ = {isa = PBXFileReference; lastKnownFileType = sourcecode.swift; path = SceneDelegate.swift; sourceTree = "<group>"; };
		21F1CF10243A6CE00079F79D /* ViewController.swift */ = {isa = PBXFileReference; lastKnownFileType = sourcecode.swift; path = ViewController.swift; sourceTree = "<group>"; };
		21F1CF13243A6CE00079F79D /* Base */ = {isa = PBXFileReference; lastKnownFileType = file.storyboard; name = Base; path = Base.lproj/Main.storyboard; sourceTree = "<group>"; };
		21F1CF15243A6CE40079F79D /* Assets.xcassets */ = {isa = PBXFileReference; lastKnownFileType = folder.assetcatalog; path = Assets.xcassets; sourceTree = "<group>"; };
		21F1CF18243A6CE40079F79D /* Base */ = {isa = PBXFileReference; lastKnownFileType = file.storyboard; name = Base; path = Base.lproj/LaunchScreen.storyboard; sourceTree = "<group>"; };
		21F1CF1A243A6CE40079F79D /* Info.plist */ = {isa = PBXFileReference; lastKnownFileType = text.plist.xml; path = Info.plist; sourceTree = "<group>"; };
		21F1CF20243A70220079F79D /* Petition.swift */ = {isa = PBXFileReference; lastKnownFileType = sourcecode.swift; path = Petition.swift; sourceTree = "<group>"; };
		21F1CF22243A70A60079F79D /* Petitions.swift */ = {isa = PBXFileReference; lastKnownFileType = sourcecode.swift; path = Petitions.swift; sourceTree = "<group>"; };
/* End PBXFileReference section */

/* Begin PBXFrameworksBuildPhase section */
		21F1CF06243A6CE00079F79D /* Frameworks */ = {
			isa = PBXFrameworksBuildPhase;
			buildActionMask = 2147483647;
			files = (
			);
			runOnlyForDeploymentPostprocessing = 0;
		};
/* End PBXFrameworksBuildPhase section */

/* Begin PBXGroup section */
		21F1CF00243A6CE00079F79D = {
			isa = PBXGroup;
			children = (
				21F1CF0B243A6CE00079F79D /* Project7 */,
				21F1CF0A243A6CE00079F79D /* Products */,
			);
			sourceTree = "<group>";
		};
		21F1CF0A243A6CE00079F79D /* Products */ = {
			isa = PBXGroup;
			children = (
				21F1CF09243A6CE00079F79D /* Project7.app */,
			);
			name = Products;
			sourceTree = "<group>";
		};
		21F1CF0B243A6CE00079F79D /* Project7 */ = {
			isa = PBXGroup;
			children = (
				21F1CF0C243A6CE00079F79D /* AppDelegate.swift */,
				21F1CF0E243A6CE00079F79D /* SceneDelegate.swift */,
				21F1CF10243A6CE00079F79D /* ViewController.swift */,
				21F1CF20243A70220079F79D /* Petition.swift */,
				21F1CF22243A70A60079F79D /* Petitions.swift */,
				212AC4DE243B665E00253855 /* DetailViewController.swift */,
				21F1CF12243A6CE00079F79D /* Main.storyboard */,
				21F1CF15243A6CE40079F79D /* Assets.xcassets */,
				21F1CF17243A6CE40079F79D /* LaunchScreen.storyboard */,
				21F1CF1A243A6CE40079F79D /* Info.plist */,
			);
			path = Project7;
			sourceTree = "<group>";
		};
/* End PBXGroup section */

/* Begin PBXNativeTarget section */
		21F1CF08243A6CE00079F79D /* Project7 */ = {
			isa = PBXNativeTarget;
			buildConfigurationList = 21F1CF1D243A6CE40079F79D /* Build configuration list for PBXNativeTarget "Project7" */;
			buildPhases = (
				21F1CF05243A6CE00079F79D /* Sources */,
				21F1CF06243A6CE00079F79D /* Frameworks */,
				21F1CF07243A6CE00079F79D /* Resources */,
			);
			buildRules = (
			);
			dependencies = (
			);
			name = Project7;
			productName = Project7;
			productReference = 21F1CF09243A6CE00079F79D /* Project7.app */;
			productType = "com.apple.product-type.application";
		};
/* End PBXNativeTarget section */

/* Begin PBXProject section */
		21F1CF01243A6CE00079F79D /* Project object */ = {
			isa = PBXProject;
			attributes = {
				LastSwiftUpdateCheck = 1140;
				LastUpgradeCheck = 1140;
				ORGANIZATIONNAME = Ildar;
				TargetAttributes = {
					21F1CF08243A6CE00079F79D = {
						CreatedOnToolsVersion = 11.4;
					};
				};
			};
			buildConfigurationList = 21F1CF04243A6CE00079F79D /* Build configuration list for PBXProject "Project7" */;
			compatibilityVersion = "Xcode 9.3";
			developmentRegion = en;
			hasScannedForEncodings = 0;
			knownRegions = (
				en,
				Base,
			);
			mainGroup = 21F1CF00243A6CE00079F79D;
			productRefGroup = 21F1CF0A243A6CE00079F79D /* Products */;
			projectDirPath = "";
			projectRoot = "";
			targets = (
				21F1CF08243A6CE00079F79D /* Project7 */,
			);
		};
/* End PBXProject section */

/* Begin PBXResourcesBuildPhase section */
		21F1CF07243A6CE00079F79D /* Resources */ = {
			isa = PBXResourcesBuildPhase;
			buildActionMask = 2147483647;
			files = (
				21F1CF19243A6CE40079F79D /* LaunchScreen.storyboard in Resources */,
				21F1CF16243A6CE40079F79D /* Assets.xcassets in Resources */,
				21F1CF14243A6CE00079F79D /* Main.storyboard in Resources */,
			);
			runOnlyForDeploymentPostprocessing = 0;
		};
/* End PBXResourcesBuildPhase section */

/* Begin PBXSourcesBuildPhase section */
		21F1CF05243A6CE00079F79D /* Sources */ = {
			isa = PBXSourcesBuildPhase;
			buildActionMask = 2147483647;
			files = (
				21F1CF11243A6CE00079F79D /* ViewController.swift in Sources */,
				21F1CF21243A70220079F79D /* Petition.swift in Sources */,
				21F1CF0D243A6CE00079F79D /* AppDelegate.swift in Sources */,
				212AC4DF243B665E00253855 /* DetailViewController.swift in Sources */,
				21F1CF0F243A6CE00079F79D /* SceneDelegate.swift in Sources */,
				21F1CF23243A70A60079F79D /* Petitions.swift in Sources */,
			);
			runOnlyForDeploymentPostprocessing = 0;
		};
/* End PBXSourcesBuildPhase section */

/* Begin PBXVariantGroup section */
		21F1CF12243A6CE00079F79D /* Main.storyboard */ = {
			isa = PBXVariantGroup;
			children = (
				21F1CF13243A6CE00079F79D /* Base */,
			);
			name = Main.storyboard;
			sourceTree = "<group>";
		};
		21F1CF17243A6CE40079F79D /* LaunchScreen.storyboard */ = {
			isa = PBXVariantGroup;
			children = (
				21F1CF18243A6CE40079F79D /* Base */,
			);
			name = LaunchScreen.storyboard;
			sourceTree = "<group>";
		};
/* End PBXVariantGroup section */

/* Begin XCBuildConfiguration section */
		21F1CF1B243A6CE40079F79D /* Debug */ = {
			isa = XCBuildConfiguration;
			buildSettings = {
				ALWAYS_SEARCH_USER_PATHS = NO;
				CLANG_ANALYZER_NONNULL = YES;
				CLANG_ANALYZER_NUMBER_OBJECT_CONVERSION = YES_AGGRESSIVE;
				CLANG_CXX_LANGUAGE_STANDARD = "gnu++14";
				CLANG_CXX_LIBRARY = "libc++";
				CLANG_ENABLE_MODULES = YES;
				CLANG_ENABLE_OBJC_ARC = YES;
				CLANG_ENABLE_OBJC_WEAK = YES;
				CLANG_WARN_BLOCK_CAPTURE_AUTORELEASING = YES;
				CLANG_WARN_BOOL_CONVERSION = YES;
				CLANG_WARN_COMMA = YES;
				CLANG_WARN_CONSTANT_CONVERSION = YES;
				CLANG_WARN_DEPRECATED_OBJC_IMPLEMENTATIONS = YES;
				CLANG_WARN_DIRECT_OBJC_ISA_USAGE = YES_ERROR;
				CLANG_WARN_DOCUMENTATION_COMMENTS = YES;
				CLANG_WARN_EMPTY_BODY = YES;
				CLANG_WARN_ENUM_CONVERSION = YES;
				CLANG_WARN_INFINITE_RECURSION = YES;
				CLANG_WARN_INT_CONVERSION = YES;
				CLANG_WARN_NON_LITERAL_NULL_CONVERSION = YES;
				CLANG_WARN_OBJC_IMPLICIT_RETAIN_SELF = YES;
				CLANG_WARN_OBJC_LITERAL_CONVERSION = YES;
				CLANG_WARN_OBJC_ROOT_CLASS = YES_ERROR;
				CLANG_WARN_RANGE_LOOP_ANALYSIS = YES;
				CLANG_WARN_STRICT_PROTOTYPES = YES;
				CLANG_WARN_SUSPICIOUS_MOVE = YES;
				CLANG_WARN_UNGUARDED_AVAILABILITY = YES_AGGRESSIVE;
				CLANG_WARN_UNREACHABLE_CODE = YES;
				CLANG_WARN__DUPLICATE_METHOD_MATCH = YES;
				COPY_PHASE_STRIP = NO;
				DEBUG_INFORMATION_FORMAT = dwarf;
				ENABLE_STRICT_OBJC_MSGSEND = YES;
				ENABLE_TESTABILITY = YES;
				GCC_C_LANGUAGE_STANDARD = gnu11;
				GCC_DYNAMIC_NO_PIC = NO;
				GCC_NO_COMMON_BLOCKS = YES;
				GCC_OPTIMIZATION_LEVEL = 0;
				GCC_PREPROCESSOR_DEFINITIONS = (
					"DEBUG=1",
					"$(inherited)",
				);
				GCC_WARN_64_TO_32_BIT_CONVERSION = YES;
				GCC_WARN_ABOUT_RETURN_TYPE = YES_ERROR;
				GCC_WARN_UNDECLARED_SELECTOR = YES;
				GCC_WARN_UNINITIALIZED_AUTOS = YES_AGGRESSIVE;
				GCC_WARN_UNUSED_FUNCTION = YES;
				GCC_WARN_UNUSED_VARIABLE = YES;
				IPHONEOS_DEPLOYMENT_TARGET = 13.4;
				MTL_ENABLE_DEBUG_INFO = INCLUDE_SOURCE;
				MTL_FAST_MATH = YES;
				ONLY_ACTIVE_ARCH = YES;
				SDKROOT = iphoneos;
				SWIFT_ACTIVE_COMPILATION_CONDITIONS = DEBUG;
				SWIFT_OPTIMIZATION_LEVEL = "-Onone";
			};
			name = Debug;
		};
		21F1CF1C243A6CE40079F79D /* Release */ = {
			isa = XCBuildConfiguration;
			buildSettings = {
				ALWAYS_SEARCH_USER_PATHS = NO;
				CLANG_ANALYZER_NONNULL = YES;
				CLANG_ANALYZER_NUMBER_OBJECT_CONVERSION = YES_AGGRESSIVE;
				CLANG_CXX_LANGUAGE_STANDARD = "gnu++14";
				CLANG_CXX_LIBRARY = "libc++";
				CLANG_ENABLE_MODULES = YES;
				CLANG_ENABLE_OBJC_ARC = YES;
				CLANG_ENABLE_OBJC_WEAK = YES;
				CLANG_WARN_BLOCK_CAPTURE_AUTORELEASING = YES;
				CLANG_WARN_BOOL_CONVERSION = YES;
				CLANG_WARN_COMMA = YES;
				CLANG_WARN_CONSTANT_CONVERSION = YES;
				CLANG_WARN_DEPRECATED_OBJC_IMPLEMENTATIONS = YES;
				CLANG_WARN_DIRECT_OBJC_ISA_USAGE = YES_ERROR;
				CLANG_WARN_DOCUMENTATION_COMMENTS = YES;
				CLANG_WARN_EMPTY_BODY = YES;
				CLANG_WARN_ENUM_CONVERSION = YES;
				CLANG_WARN_INFINITE_RECURSION = YES;
				CLANG_WARN_INT_CONVERSION = YES;
				CLANG_WARN_NON_LITERAL_NULL_CONVERSION = YES;
				CLANG_WARN_OBJC_IMPLICIT_RETAIN_SELF = YES;
				CLANG_WARN_OBJC_LITERAL_CONVERSION = YES;
				CLANG_WARN_OBJC_ROOT_CLASS = YES_ERROR;
				CLANG_WARN_RANGE_LOOP_ANALYSIS = YES;
				CLANG_WARN_STRICT_PROTOTYPES = YES;
				CLANG_WARN_SUSPICIOUS_MOVE = YES;
				CLANG_WARN_UNGUARDED_AVAILABILITY = YES_AGGRESSIVE;
				CLANG_WARN_UNREACHABLE_CODE = YES;
				CLANG_WARN__DUPLICATE_METHOD_MATCH = YES;
				COPY_PHASE_STRIP = NO;
				DEBUG_INFORMATION_FORMAT = "dwarf-with-dsym";
				ENABLE_NS_ASSERTIONS = NO;
				ENABLE_STRICT_OBJC_MSGSEND = YES;
				GCC_C_LANGUAGE_STANDARD = gnu11;
				GCC_NO_COMMON_BLOCKS = YES;
				GCC_WARN_64_TO_32_BIT_CONVERSION = YES;
				GCC_WARN_ABOUT_RETURN_TYPE = YES_ERROR;
				GCC_WARN_UNDECLARED_SELECTOR = YES;
				GCC_WARN_UNINITIALIZED_AUTOS = YES_AGGRESSIVE;
				GCC_WARN_UNUSED_FUNCTION = YES;
				GCC_WARN_UNUSED_VARIABLE = YES;
				IPHONEOS_DEPLOYMENT_TARGET = 13.4;
				MTL_ENABLE_DEBUG_INFO = NO;
				MTL_FAST_MATH = YES;
				SDKROOT = iphoneos;
				SWIFT_COMPILATION_MODE = wholemodule;
				SWIFT_OPTIMIZATION_LEVEL = "-O";
				VALIDATE_PRODUCT = YES;
			};
			name = Release;
		};
		21F1CF1E243A6CE40079F79D /* Debug */ = {
			isa = XCBuildConfiguration;
			buildSettings = {
				ASSETCATALOG_COMPILER_APPICON_NAME = AppIcon;
				CODE_SIGN_STYLE = Automatic;
				INFOPLIST_FILE = Project7/Info.plist;
				LD_RUNPATH_SEARCH_PATHS = (
					"$(inherited)",
					"@executable_path/Frameworks",
				);
				PRODUCT_BUNDLE_IDENTIFIER = com.learnswift.Project7;
				PRODUCT_NAME = "$(TARGET_NAME)";
				SWIFT_VERSION = 5.0;
				TARGETED_DEVICE_FAMILY = "1,2";
			};
			name = Debug;
		};
		21F1CF1F243A6CE40079F79D /* Release */ = {
			isa = XCBuildConfiguration;
			buildSettings = {
				ASSETCATALOG_COMPILER_APPICON_NAME = AppIcon;
				CODE_SIGN_STYLE = Automatic;
				INFOPLIST_FILE = Project7/Info.plist;
				LD_RUNPATH_SEARCH_PATHS = (
					"$(inherited)",
					"@executable_path/Frameworks",
				);
				PRODUCT_BUNDLE_IDENTIFIER = com.learnswift.Project7;
				PRODUCT_NAME = "$(TARGET_NAME)";
				SWIFT_VERSION = 5.0;
				TARGETED_DEVICE_FAMILY = "1,2";
			};
			name = Release;
		};
/* End XCBuildConfiguration section */

/* Begin XCConfigurationList section */
		21F1CF04243A6CE00079F79D /* Build configuration list for PBXProject "Project7" */ = {
			isa = XCConfigurationList;
			buildConfigurations = (
				21F1CF1B243A6CE40079F79D /* Debug */,
				21F1CF1C243A6CE40079F79D /* Release */,
			);
			defaultConfigurationIsVisible = 0;
			defaultConfigurationName = Release;
		};
		21F1CF1D243A6CE40079F79D /* Build configuration list for PBXNativeTarget "Project7" */ = {
			isa = XCConfigurationList;
			buildConfigurations = (
				21F1CF1E243A6CE40079F79D /* Debug */,
				21F1CF1F243A6CE40079F79D /* Release */,
			);
			defaultConfigurationIsVisible = 0;
			defaultConfigurationName = Release;
		};
/* End XCConfigurationList section */
	};
	rootObject = 21F1CF01243A6CE00079F79D /* Project object */;
}
